
Microsoft Visual Studio Solution File, Format Version 12.00
# Visual Studio 15
Project("{FAE04EC0-301F-11D3-BF4B-00C04F79EFBC}") = "UnityEngine.TestRunner", "UnityEngine.TestRunner.csproj", "{AD9E393D-A91D-5B31-37E3-FE3C194979CD}"
EndProject
Project("{FAE04EC0-301F-11D3-BF4B-00C04F79EFBC}") = "Unity.Mathematics", "Unity.Mathematics.csproj", "{F76235B8-0552-A778-9376-0FE46AE1CFAD}"
EndProject
Project("{FAE04EC0-301F-11D3-BF4B-00C04F79EFBC}") = "Unity.2D.Animation.Triangle.Runtime", "Unity.2D.Animation.Triangle.Runtime.csproj", "{7C482458-79A8-594B-7897-4C9F0C0D0572}"
EndProject
Project("{FAE04EC0-301F-11D3-BF4B-00C04F79EFBC}") = "Unity.Timeline", "Unity.Timeline.csproj", "{BD700515-B0EA-A80A-AD89-BC737C24348E}"
EndProject
Project("{FAE04EC0-301F-11D3-BF4B-00C04F79EFBC}") = "Assembly-CSharp", "Assembly-CSharp.csproj", "{C108C00C-5084-8DB3-8146-6A208C9E2300}"
EndProject
Project("{FAE04EC0-301F-11D3-BF4B-00C04F79EFBC}") = "UnityEngine.UI", "UnityEngine.UI.csproj", "{BB491AD7-E991-AEB8-A86D-18AD470326BD}"
EndProject
Project("{FAE04EC0-301F-11D3-BF4B-00C04F79EFBC}") = "Unity.TextMeshPro", "Unity.TextMeshPro.csproj", "{5B9819F9-E23C-DD8A-F2B9-4BE971DF2EF6}"
EndProject
Project("{FAE04EC0-301F-11D3-BF4B-00C04F79EFBC}") = "Unity.2D.Animation.Runtime", "Unity.2D.Animation.Runtime.csproj", "{34D112B9-7FE8-AB95-41EA-BD10D937A454}"
EndProject
Project("{FAE04EC0-301F-11D3-BF4B-00C04F79EFBC}") = "Unity.2D.IK.Runtime", "Unity.2D.IK.Runtime.csproj", "{DABF8F01-6EB7-B70C-EFF4-AE0280D509F6}"
EndProject
Project("{FAE04EC0-301F-11D3-BF4B-00C04F79EFBC}") = "Unity.2D.SpriteShape.Runtime", "Unity.2D.SpriteShape.Runtime.csproj", "{56B7EB82-8480-7512-9BE7-291F194EFBBA}"
EndProject
Project("{FAE04EC0-301F-11D3-BF4B-00C04F79EFBC}") = "Unity.2D.PixelPerfect", "Unity.2D.PixelPerfect.csproj", "{F418A2ED-2FB8-7B2D-9872-A58EF91A520C}"
EndProject
Project("{FAE04EC0-301F-11D3-BF4B-00C04F79EFBC}") = "Unity.2D.Common.Runtime", "Unity.2D.Common.Runtime.csproj", "{E5C03871-647B-48C8-E03C-4115F179A768}"
EndProject
Project("{FAE04EC0-301F-11D3-BF4B-00C04F79EFBC}") = "Unity.InternalAPIEngineBridge.001", "Unity.InternalAPIEngineBridge.001.csproj", "{F3EB4ABD-C7E7-F77F-BA21-7CE6D69DC86E}"
EndProject
Project("{FAE04EC0-301F-11D3-BF4B-00C04F79EFBC}") = "UnityEditor.TestRunner", "UnityEditor.TestRunner.csproj", "{87835A2B-363F-3D6C-ECC3-3F1F4E057605}"
EndProject
Project("{FAE04EC0-301F-11D3-BF4B-00C04F79EFBC}") = "UnityEditor.UI", "UnityEditor.UI.csproj", "{431711F5-8C3F-32D0-825E-6E7BAC942389}"
EndProject
Project("{FAE04EC0-301F-11D3-BF4B-00C04F79EFBC}") = "Unity.Timeline.Editor", "Unity.Timeline.Editor.csproj", "{9B5372EC-A715-FBEC-2735-A9448B87411C}"
EndProject
Project("{FAE04EC0-301F-11D3-BF4B-00C04F79EFBC}") = "Unity.VisualStudio.Editor", "Unity.VisualStudio.Editor.csproj", "{84C4544A-BD6D-5FF5-37BF-4582D07E1DE3}"
EndProject
Project("{FAE04EC0-301F-11D3-BF4B-00C04F79EFBC}") = "Unity.2D.Psdimporter.Editor", "Unity.2D.Psdimporter.Editor.csproj", "{BB0D3850-ACFB-BC91-FC75-CC0A98A69183}"
EndProject
Project("{FAE04EC0-301F-11D3-BF4B-00C04F79EFBC}") = "Unity.2D.Animation.Editor", "Unity.2D.Animation.Editor.csproj", "{963ED5D6-B931-D445-D666-84F5F21CAE97}"
EndProject
Project("{FAE04EC0-301F-11D3-BF4B-00C04F79EFBC}") = "Unity.TextMeshPro.Editor", "Unity.TextMeshPro.Editor.csproj", "{ED146D7D-D7ED-4CAC-55C5-245F9E8C491F}"
EndProject
Project("{FAE04EC0-301F-11D3-BF4B-00C04F79EFBC}") = "Unity.2D.SpriteShape.Editor", "Unity.2D.SpriteShape.Editor.csproj", "{2C212A78-0017-0C59-51CB-BCA8F1D87264}"
EndProject
Project("{FAE04EC0-301F-11D3-BF4B-00C04F79EFBC}") = "Unity.CollabProxy.Editor", "Unity.CollabProxy.Editor.csproj", "{E83047CF-BF69-8CD4-9285-B700AF8D2475}"
EndProject
Project("{FAE04EC0-301F-11D3-BF4B-00C04F79EFBC}") = "PsdPlugin", "PsdPlugin.csproj", "{C6392406-BAF1-2722-CBA5-06888198AD24}"
EndProject
Project("{FAE04EC0-301F-11D3-BF4B-00C04F79EFBC}") = "Unity.2D.Path.Editor", "Unity.2D.Path.Editor.csproj", "{A7255FA1-DFFA-76DB-DE45-60DF5A8A24F5}"
EndProject
Project("{FAE04EC0-301F-11D3-BF4B-00C04F79EFBC}") = "Unity.Rider.Editor", "Unity.Rider.Editor.csproj", "{DB074435-684C-2097-690D-DC27BBD4D888}"
EndProject
Project("{FAE04EC0-301F-11D3-BF4B-00C04F79EFBC}") = "Unity.2D.IK.Editor", "Unity.2D.IK.Editor.csproj", "{B586F5C8-8437-2E1C-C194-03B8517E21B0}"
EndProject
Project("{FAE04EC0-301F-11D3-BF4B-00C04F79EFBC}") = "Unity.2D.Sprite.Editor", "Unity.2D.Sprite.Editor.csproj", "{51AE1A1F-9068-56D0-B721-4C6BDD3D7038}"
EndProject
Project("{FAE04EC0-301F-11D3-BF4B-00C04F79EFBC}") = "Unity.2D.Tilemap.Editor", "Unity.2D.Tilemap.Editor.csproj", "{38BF18E7-B77F-267A-3511-B18077FCA59D}"
EndProject
Project("{FAE04EC0-301F-11D3-BF4B-00C04F79EFBC}") = "Unity.2D.PixelPerfect.Editor", "Unity.2D.PixelPerfect.Editor.csproj", "{2579EF77-B455-978D-74A7-81D533D9475E}"
EndProject
Project("{FAE04EC0-301F-11D3-BF4B-00C04F79EFBC}") = "Unity.VSCode.Editor", "Unity.VSCode.Editor.csproj", "{3C19F69A-8DB4-53E3-BB75-8499340BB834}"
EndProject
Project("{FAE04EC0-301F-11D3-BF4B-00C04F79EFBC}") = "Unity.2D.Common.Editor", "Unity.2D.Common.Editor.csproj", "{D29788BB-DD66-06C2-B842-EC38AFC12B6B}"
EndProject
Project("{FAE04EC0-301F-11D3-BF4B-00C04F79EFBC}") = "Assembly-CSharp-Editor", "Assembly-CSharp-Editor.csproj", "{B8385707-5846-8EFC-575B-13030FBFCD37}"
EndProject
Project("{FAE04EC0-301F-11D3-BF4B-00C04F79EFBC}") = "Unity.Mathematics.Editor", "Unity.Mathematics.Editor.csproj", "{58037FBC-B9D6-11B4-21BB-9F70C0C3C95B}"
EndProject
Project("{FAE04EC0-301F-11D3-BF4B-00C04F79EFBC}") = "Unity.InternalAPIEditorBridge.001", "Unity.InternalAPIEditorBridge.001.csproj", "{6B4D92BD-BF52-C9B5-F8F2-9B03EA117FAA}"
EndProject
Project("{FAE04EC0-301F-11D3-BF4B-00C04F79EFBC}") = "UnityEngine.TestRunner", "UnityEngine.TestRunner.Player.csproj", "{74EBE75E-7BB8-5F18-0973-D09F38E6CECC}"
EndProject
Project("{FAE04EC0-301F-11D3-BF4B-00C04F79EFBC}") = "Unity.Mathematics", "Unity.Mathematics.Player.csproj", "{81B39703-0044-94DB-631A-5E4FC0DB9BBF}"
EndProject
Project("{FAE04EC0-301F-11D3-BF4B-00C04F79EFBC}") = "Unity.2D.Animation.Triangle.Runtime", "Unity.2D.Animation.Triangle.Runtime.Player.csproj", "{10673BCE-DD7F-DD75-D2A9-797EEC8C7AC5}"
EndProject
Project("{FAE04EC0-301F-11D3-BF4B-00C04F79EFBC}") = "Unity.Timeline", "Unity.Timeline.Player.csproj", "{53EE3EA0-4703-9C68-4EF4-21A701FF0520}"
EndProject
Project("{FAE04EC0-301F-11D3-BF4B-00C04F79EFBC}") = "Assembly-CSharp", "Assembly-CSharp.Player.csproj", "{FB129D88-B98A-6ABA-9AAE-EDB8F1DE1372}"
EndProject
Project("{FAE04EC0-301F-11D3-BF4B-00C04F79EFBC}") = "UnityEngine.UI", "UnityEngine.UI.Player.csproj", "{0B36214E-7830-2F4F-1978-F14F90AE9468}"
EndProject
Project("{FAE04EC0-301F-11D3-BF4B-00C04F79EFBC}") = "Unity.TextMeshPro", "Unity.TextMeshPro.Player.csproj", "{E6C45C0D-2650-E56A-996F-61B7057E284D}"
EndProject
Project("{FAE04EC0-301F-11D3-BF4B-00C04F79EFBC}") = "Unity.2D.Animation.Runtime", "Unity.2D.Animation.Runtime.Player.csproj", "{AF2E6AC4-CF9D-80B3-3DD5-DB7FC0604713}"
EndProject
Project("{FAE04EC0-301F-11D3-BF4B-00C04F79EFBC}") = "Unity.2D.IK.Runtime", "Unity.2D.IK.Runtime.Player.csproj", "{921645FD-8E7E-C229-0CB2-F008034A6174}"
EndProject
Project("{FAE04EC0-301F-11D3-BF4B-00C04F79EFBC}") = "Unity.2D.SpriteShape.Runtime", "Unity.2D.SpriteShape.Runtime.Player.csproj", "{423BC0D8-222E-4137-A8CC-E614E3EED058}"
EndProject
Project("{FAE04EC0-301F-11D3-BF4B-00C04F79EFBC}") = "Unity.2D.PixelPerfect", "Unity.2D.PixelPerfect.Player.csproj", "{59AE3BCF-A6BE-84FE-D4BF-C699884ADAB4}"
EndProject
Project("{FAE04EC0-301F-11D3-BF4B-00C04F79EFBC}") = "Unity.2D.Common.Runtime", "Unity.2D.Common.Runtime.Player.csproj", "{E6F5DAB5-0C6E-3431-D1FA-D6455C8192A0}"
EndProject
Project("{FAE04EC0-301F-11D3-BF4B-00C04F79EFBC}") = "Unity.InternalAPIEngineBridge.001", "Unity.InternalAPIEngineBridge.001.Player.csproj", "{B180D1DC-41B9-AD39-FBD2-65160DF6EFDD}"
EndProject
Global
	GlobalSection(SolutionConfigurationPlatforms) = preSolution
		Debug|Any CPU = Debug|Any CPU
		Release|Any CPU = Release|Any CPU
	EndGlobalSection
	GlobalSection(ProjectConfigurationPlatforms) = postSolution
		{AD9E393D-A91D-5B31-37E3-FE3C194979CD}.Debug|Any CPU.ActiveCfg = Debug|Any CPU
		{AD9E393D-A91D-5B31-37E3-FE3C194979CD}.Debug|Any CPU.Build.0 = Debug|Any CPU
		{AD9E393D-A91D-5B31-37E3-FE3C194979CD}.Release|Any CPU.ActiveCfg = Release|Any CPU
		{AD9E393D-A91D-5B31-37E3-FE3C194979CD}.Release|Any CPU.Build.0 = Release|Any CPU
		{F76235B8-0552-A778-9376-0FE46AE1CFAD}.Debug|Any CPU.ActiveCfg = Debug|Any CPU
		{F76235B8-0552-A778-9376-0FE46AE1CFAD}.Debug|Any CPU.Build.0 = Debug|Any CPU
		{F76235B8-0552-A778-9376-0FE46AE1CFAD}.Release|Any CPU.ActiveCfg = Release|Any CPU
		{F76235B8-0552-A778-9376-0FE46AE1CFAD}.Release|Any CPU.Build.0 = Release|Any CPU
		{7C482458-79A8-594B-7897-4C9F0C0D0572}.Debug|Any CPU.ActiveCfg = Debug|Any CPU
		{7C482458-79A8-594B-7897-4C9F0C0D0572}.Debug|Any CPU.Build.0 = Debug|Any CPU
		{7C482458-79A8-594B-7897-4C9F0C0D0572}.Release|Any CPU.ActiveCfg = Release|Any CPU
		{7C482458-79A8-594B-7897-4C9F0C0D0572}.Release|Any CPU.Build.0 = Release|Any CPU
		{BD700515-B0EA-A80A-AD89-BC737C24348E}.Debug|Any CPU.ActiveCfg = Debug|Any CPU
		{BD700515-B0EA-A80A-AD89-BC737C24348E}.Debug|Any CPU.Build.0 = Debug|Any CPU
		{BD700515-B0EA-A80A-AD89-BC737C24348E}.Release|Any CPU.ActiveCfg = Release|Any CPU
		{BD700515-B0EA-A80A-AD89-BC737C24348E}.Release|Any CPU.Build.0 = Release|Any CPU
		{C108C00C-5084-8DB3-8146-6A208C9E2300}.Debug|Any CPU.ActiveCfg = Debug|Any CPU
		{C108C00C-5084-8DB3-8146-6A208C9E2300}.Debug|Any CPU.Build.0 = Debug|Any CPU
		{C108C00C-5084-8DB3-8146-6A208C9E2300}.Release|Any CPU.ActiveCfg = Release|Any CPU
		{C108C00C-5084-8DB3-8146-6A208C9E2300}.Release|Any CPU.Build.0 = Release|Any CPU
		{BB491AD7-E991-AEB8-A86D-18AD470326BD}.Debug|Any CPU.ActiveCfg = Debug|Any CPU
		{BB491AD7-E991-AEB8-A86D-18AD470326BD}.Debug|Any CPU.Build.0 = Debug|Any CPU
		{BB491AD7-E991-AEB8-A86D-18AD470326BD}.Release|Any CPU.ActiveCfg = Release|Any CPU
		{BB491AD7-E991-AEB8-A86D-18AD470326BD}.Release|Any CPU.Build.0 = Release|Any CPU
		{5B9819F9-E23C-DD8A-F2B9-4BE971DF2EF6}.Debug|Any CPU.ActiveCfg = Debug|Any CPU
		{5B9819F9-E23C-DD8A-F2B9-4BE971DF2EF6}.Debug|Any CPU.Build.0 = Debug|Any CPU
		{5B9819F9-E23C-DD8A-F2B9-4BE971DF2EF6}.Release|Any CPU.ActiveCfg = Release|Any CPU
		{5B9819F9-E23C-DD8A-F2B9-4BE971DF2EF6}.Release|Any CPU.Build.0 = Release|Any CPU
		{34D112B9-7FE8-AB95-41EA-BD10D937A454}.Debug|Any CPU.ActiveCfg = Debug|Any CPU
		{34D112B9-7FE8-AB95-41EA-BD10D937A454}.Debug|Any CPU.Build.0 = Debug|Any CPU
		{34D112B9-7FE8-AB95-41EA-BD10D937A454}.Release|Any CPU.ActiveCfg = Release|Any CPU
		{34D112B9-7FE8-AB95-41EA-BD10D937A454}.Release|Any CPU.Build.0 = Release|Any CPU
		{DABF8F01-6EB7-B70C-EFF4-AE0280D509F6}.Debug|Any CPU.ActiveCfg = Debug|Any CPU
		{DABF8F01-6EB7-B70C-EFF4-AE0280D509F6}.Debug|Any CPU.Build.0 = Debug|Any CPU
		{DABF8F01-6EB7-B70C-EFF4-AE0280D509F6}.Release|Any CPU.ActiveCfg = Release|Any CPU
		{DABF8F01-6EB7-B70C-EFF4-AE0280D509F6}.Release|Any CPU.Build.0 = Release|Any CPU
		{56B7EB82-8480-7512-9BE7-291F194EFBBA}.Debug|Any CPU.ActiveCfg = Debug|Any CPU
		{56B7EB82-8480-7512-9BE7-291F194EFBBA}.Debug|Any CPU.Build.0 = Debug|Any CPU
		{56B7EB82-8480-7512-9BE7-291F194EFBBA}.Release|Any CPU.ActiveCfg = Release|Any CPU
		{56B7EB82-8480-7512-9BE7-291F194EFBBA}.Release|Any CPU.Build.0 = Release|Any CPU
		{F418A2ED-2FB8-7B2D-9872-A58EF91A520C}.Debug|Any CPU.ActiveCfg = Debug|Any CPU
		{F418A2ED-2FB8-7B2D-9872-A58EF91A520C}.Debug|Any CPU.Build.0 = Debug|Any CPU
		{F418A2ED-2FB8-7B2D-9872-A58EF91A520C}.Release|Any CPU.ActiveCfg = Release|Any CPU
		{F418A2ED-2FB8-7B2D-9872-A58EF91A520C}.Release|Any CPU.Build.0 = Release|Any CPU
		{E5C03871-647B-48C8-E03C-4115F179A768}.Debug|Any CPU.ActiveCfg = Debug|Any CPU
		{E5C03871-647B-48C8-E03C-4115F179A768}.Debug|Any CPU.Build.0 = Debug|Any CPU
		{E5C03871-647B-48C8-E03C-4115F179A768}.Release|Any CPU.ActiveCfg = Release|Any CPU
		{E5C03871-647B-48C8-E03C-4115F179A768}.Release|Any CPU.Build.0 = Release|Any CPU
		{F3EB4ABD-C7E7-F77F-BA21-7CE6D69DC86E}.Debug|Any CPU.ActiveCfg = Debug|Any CPU
		{F3EB4ABD-C7E7-F77F-BA21-7CE6D69DC86E}.Debug|Any CPU.Build.0 = Debug|Any CPU
		{F3EB4ABD-C7E7-F77F-BA21-7CE6D69DC86E}.Release|Any CPU.ActiveCfg = Release|Any CPU
		{F3EB4ABD-C7E7-F77F-BA21-7CE6D69DC86E}.Release|Any CPU.Build.0 = Release|Any CPU
		{87835A2B-363F-3D6C-ECC3-3F1F4E057605}.Debug|Any CPU.ActiveCfg = Debug|Any CPU
		{87835A2B-363F-3D6C-ECC3-3F1F4E057605}.Debug|Any CPU.Build.0 = Debug|Any CPU
		{87835A2B-363F-3D6C-ECC3-3F1F4E057605}.Release|Any CPU.ActiveCfg = Release|Any CPU
		{87835A2B-363F-3D6C-ECC3-3F1F4E057605}.Release|Any CPU.Build.0 = Release|Any CPU
		{431711F5-8C3F-32D0-825E-6E7BAC942389}.Debug|Any CPU.ActiveCfg = Debug|Any CPU
		{431711F5-8C3F-32D0-825E-6E7BAC942389}.Debug|Any CPU.Build.0 = Debug|Any CPU
		{431711F5-8C3F-32D0-825E-6E7BAC942389}.Release|Any CPU.ActiveCfg = Release|Any CPU
		{431711F5-8C3F-32D0-825E-6E7BAC942389}.Release|Any CPU.Build.0 = Release|Any CPU
		{9B5372EC-A715-FBEC-2735-A9448B87411C}.Debug|Any CPU.ActiveCfg = Debug|Any CPU
		{9B5372EC-A715-FBEC-2735-A9448B87411C}.Debug|Any CPU.Build.0 = Debug|Any CPU
		{9B5372EC-A715-FBEC-2735-A9448B87411C}.Release|Any CPU.ActiveCfg = Release|Any CPU
		{9B5372EC-A715-FBEC-2735-A9448B87411C}.Release|Any CPU.Build.0 = Release|Any CPU
		{84C4544A-BD6D-5FF5-37BF-4582D07E1DE3}.Debug|Any CPU.ActiveCfg = Debug|Any CPU
		{84C4544A-BD6D-5FF5-37BF-4582D07E1DE3}.Debug|Any CPU.Build.0 = Debug|Any CPU
		{84C4544A-BD6D-5FF5-37BF-4582D07E1DE3}.Release|Any CPU.ActiveCfg = Release|Any CPU
		{84C4544A-BD6D-5FF5-37BF-4582D07E1DE3}.Release|Any CPU.Build.0 = Release|Any CPU
		{BB0D3850-ACFB-BC91-FC75-CC0A98A69183}.Debug|Any CPU.ActiveCfg = Debug|Any CPU
		{BB0D3850-ACFB-BC91-FC75-CC0A98A69183}.Debug|Any CPU.Build.0 = Debug|Any CPU
		{BB0D3850-ACFB-BC91-FC75-CC0A98A69183}.Release|Any CPU.ActiveCfg = Release|Any CPU
		{BB0D3850-ACFB-BC91-FC75-CC0A98A69183}.Release|Any CPU.Build.0 = Release|Any CPU
		{963ED5D6-B931-D445-D666-84F5F21CAE97}.Debug|Any CPU.ActiveCfg = Debug|Any CPU
		{963ED5D6-B931-D445-D666-84F5F21CAE97}.Debug|Any CPU.Build.0 = Debug|Any CPU
		{963ED5D6-B931-D445-D666-84F5F21CAE97}.Release|Any CPU.ActiveCfg = Release|Any CPU
		{963ED5D6-B931-D445-D666-84F5F21CAE97}.Release|Any CPU.Build.0 = Release|Any CPU
		{ED146D7D-D7ED-4CAC-55C5-245F9E8C491F}.Debug|Any CPU.ActiveCfg = Debug|Any CPU
		{ED146D7D-D7ED-4CAC-55C5-245F9E8C491F}.Debug|Any CPU.Build.0 = Debug|Any CPU
		{ED146D7D-D7ED-4CAC-55C5-245F9E8C491F}.Release|Any CPU.ActiveCfg = Release|Any CPU
		{ED146D7D-D7ED-4CAC-55C5-245F9E8C491F}.Release|Any CPU.Build.0 = Release|Any CPU
		{2C212A78-0017-0C59-51CB-BCA8F1D87264}.Debug|Any CPU.ActiveCfg = Debug|Any CPU
		{2C212A78-0017-0C59-51CB-BCA8F1D87264}.Debug|Any CPU.Build.0 = Debug|Any CPU
		{2C212A78-0017-0C59-51CB-BCA8F1D87264}.Release|Any CPU.ActiveCfg = Release|Any CPU
		{2C212A78-0017-0C59-51CB-BCA8F1D87264}.Release|Any CPU.Build.0 = Release|Any CPU
		{E83047CF-BF69-8CD4-9285-B700AF8D2475}.Debug|Any CPU.ActiveCfg = Debug|Any CPU
		{E83047CF-BF69-8CD4-9285-B700AF8D2475}.Debug|Any CPU.Build.0 = Debug|Any CPU
		{E83047CF-BF69-8CD4-9285-B700AF8D2475}.Release|Any CPU.ActiveCfg = Release|Any CPU
		{E83047CF-BF69-8CD4-9285-B700AF8D2475}.Release|Any CPU.Build.0 = Release|Any CPU
		{C6392406-BAF1-2722-CBA5-06888198AD24}.Debug|Any CPU.ActiveCfg = Debug|Any CPU
		{C6392406-BAF1-2722-CBA5-06888198AD24}.Debug|Any CPU.Build.0 = Debug|Any CPU
		{C6392406-BAF1-2722-CBA5-06888198AD24}.Release|Any CPU.ActiveCfg = Release|Any CPU
		{C6392406-BAF1-2722-CBA5-06888198AD24}.Release|Any CPU.Build.0 = Release|Any CPU
		{A7255FA1-DFFA-76DB-DE45-60DF5A8A24F5}.Debug|Any CPU.ActiveCfg = Debug|Any CPU
		{A7255FA1-DFFA-76DB-DE45-60DF5A8A24F5}.Debug|Any CPU.Build.0 = Debug|Any CPU
		{A7255FA1-DFFA-76DB-DE45-60DF5A8A24F5}.Release|Any CPU.ActiveCfg = Release|Any CPU
		{A7255FA1-DFFA-76DB-DE45-60DF5A8A24F5}.Release|Any CPU.Build.0 = Release|Any CPU
		{DB074435-684C-2097-690D-DC27BBD4D888}.Debug|Any CPU.ActiveCfg = Debug|Any CPU
		{DB074435-684C-2097-690D-DC27BBD4D888}.Debug|Any CPU.Build.0 = Debug|Any CPU
		{DB074435-684C-2097-690D-DC27BBD4D888}.Release|Any CPU.ActiveCfg = Release|Any CPU
		{DB074435-684C-2097-690D-DC27BBD4D888}.Release|Any CPU.Build.0 = Release|Any CPU
		{B586F5C8-8437-2E1C-C194-03B8517E21B0}.Debug|Any CPU.ActiveCfg = Debug|Any CPU
		{B586F5C8-8437-2E1C-C194-03B8517E21B0}.Debug|Any CPU.Build.0 = Debug|Any CPU
		{B586F5C8-8437-2E1C-C194-03B8517E21B0}.Release|Any CPU.ActiveCfg = Release|Any CPU
		{B586F5C8-8437-2E1C-C194-03B8517E21B0}.Release|Any CPU.Build.0 = Release|Any CPU
		{51AE1A1F-9068-56D0-B721-4C6BDD3D7038}.Debug|Any CPU.ActiveCfg = Debug|Any CPU
		{51AE1A1F-9068-56D0-B721-4C6BDD3D7038}.Debug|Any CPU.Build.0 = Debug|Any CPU
		{51AE1A1F-9068-56D0-B721-4C6BDD3D7038}.Release|Any CPU.ActiveCfg = Release|Any CPU
		{51AE1A1F-9068-56D0-B721-4C6BDD3D7038}.Release|Any CPU.Build.0 = Release|Any CPU
		{38BF18E7-B77F-267A-3511-B18077FCA59D}.Debug|Any CPU.ActiveCfg = Debug|Any CPU
		{38BF18E7-B77F-267A-3511-B18077FCA59D}.Debug|Any CPU.Build.0 = Debug|Any CPU
		{38BF18E7-B77F-267A-3511-B18077FCA59D}.Release|Any CPU.ActiveCfg = Release|Any CPU
		{38BF18E7-B77F-267A-3511-B18077FCA59D}.Release|Any CPU.Build.0 = Release|Any CPU
		{2579EF77-B455-978D-74A7-81D533D9475E}.Debug|Any CPU.ActiveCfg = Debug|Any CPU
		{2579EF77-B455-978D-74A7-81D533D9475E}.Debug|Any CPU.Build.0 = Debug|Any CPU
		{2579EF77-B455-978D-74A7-81D533D9475E}.Release|Any CPU.ActiveCfg = Release|Any CPU
		{2579EF77-B455-978D-74A7-81D533D9475E}.Release|Any CPU.Build.0 = Release|Any CPU
		{3C19F69A-8DB4-53E3-BB75-8499340BB834}.Debug|Any CPU.ActiveCfg = Debug|Any CPU
		{3C19F69A-8DB4-53E3-BB75-8499340BB834}.Debug|Any CPU.Build.0 = Debug|Any CPU
		{3C19F69A-8DB4-53E3-BB75-8499340BB834}.Release|Any CPU.ActiveCfg = Release|Any CPU
		{3C19F69A-8DB4-53E3-BB75-8499340BB834}.Release|Any CPU.Build.0 = Release|Any CPU
		{D29788BB-DD66-06C2-B842-EC38AFC12B6B}.Debug|Any CPU.ActiveCfg = Debug|Any CPU
		{D29788BB-DD66-06C2-B842-EC38AFC12B6B}.Debug|Any CPU.Build.0 = Debug|Any CPU
		{D29788BB-DD66-06C2-B842-EC38AFC12B6B}.Release|Any CPU.ActiveCfg = Release|Any CPU
		{D29788BB-DD66-06C2-B842-EC38AFC12B6B}.Release|Any CPU.Build.0 = Release|Any CPU
		{B8385707-5846-8EFC-575B-13030FBFCD37}.Debug|Any CPU.ActiveCfg = Debug|Any CPU
		{B8385707-5846-8EFC-575B-13030FBFCD37}.Debug|Any CPU.Build.0 = Debug|Any CPU
		{B8385707-5846-8EFC-575B-13030FBFCD37}.Release|Any CPU.ActiveCfg = Release|Any CPU
		{B8385707-5846-8EFC-575B-13030FBFCD37}.Release|Any CPU.Build.0 = Release|Any CPU
		{58037FBC-B9D6-11B4-21BB-9F70C0C3C95B}.Debug|Any CPU.ActiveCfg = Debug|Any CPU
		{58037FBC-B9D6-11B4-21BB-9F70C0C3C95B}.Debug|Any CPU.Build.0 = Debug|Any CPU
		{58037FBC-B9D6-11B4-21BB-9F70C0C3C95B}.Release|Any CPU.ActiveCfg = Release|Any CPU
		{58037FBC-B9D6-11B4-21BB-9F70C0C3C95B}.Release|Any CPU.Build.0 = Release|Any CPU
		{6B4D92BD-BF52-C9B5-F8F2-9B03EA117FAA}.Debug|Any CPU.ActiveCfg = Debug|Any CPU
		{6B4D92BD-BF52-C9B5-F8F2-9B03EA117FAA}.Debug|Any CPU.Build.0 = Debug|Any CPU
		{6B4D92BD-BF52-C9B5-F8F2-9B03EA117FAA}.Release|Any CPU.ActiveCfg = Release|Any CPU
		{6B4D92BD-BF52-C9B5-F8F2-9B03EA117FAA}.Release|Any CPU.Build.0 = Release|Any CPU
		{74EBE75E-7BB8-5F18-0973-D09F38E6CECC}.Debug|Any CPU.ActiveCfg = Debug|Any CPU
		{74EBE75E-7BB8-5F18-0973-D09F38E6CECC}.Debug|Any CPU.Build.0 = Debug|Any CPU
		{74EBE75E-7BB8-5F18-0973-D09F38E6CECC}.Release|Any CPU.ActiveCfg = Release|Any CPU
		{74EBE75E-7BB8-5F18-0973-D09F38E6CECC}.Release|Any CPU.Build.0 = Release|Any CPU
		{81B39703-0044-94DB-631A-5E4FC0DB9BBF}.Debug|Any CPU.ActiveCfg = Debug|Any CPU
		{81B39703-0044-94DB-631A-5E4FC0DB9BBF}.Debug|Any CPU.Build.0 = Debug|Any CPU
		{81B39703-0044-94DB-631A-5E4FC0DB9BBF}.Release|Any CPU.ActiveCfg = Release|Any CPU
		{81B39703-0044-94DB-631A-5E4FC0DB9BBF}.Release|Any CPU.Build.0 = Release|Any CPU
		{10673BCE-DD7F-DD75-D2A9-797EEC8C7AC5}.Debug|Any CPU.ActiveCfg = Debug|Any CPU
		{10673BCE-DD7F-DD75-D2A9-797EEC8C7AC5}.Debug|Any CPU.Build.0 = Debug|Any CPU
		{10673BCE-DD7F-DD75-D2A9-797EEC8C7AC5}.Release|Any CPU.ActiveCfg = Release|Any CPU
		{10673BCE-DD7F-DD75-D2A9-797EEC8C7AC5}.Release|Any CPU.Build.0 = Release|Any CPU
		{53EE3EA0-4703-9C68-4EF4-21A701FF0520}.Debug|Any CPU.ActiveCfg = Debug|Any CPU
		{53EE3EA0-4703-9C68-4EF4-21A701FF0520}.Debug|Any CPU.Build.0 = Debug|Any CPU
		{53EE3EA0-4703-9C68-4EF4-21A701FF0520}.Release|Any CPU.ActiveCfg = Release|Any CPU
		{53EE3EA0-4703-9C68-4EF4-21A701FF0520}.Release|Any CPU.Build.0 = Release|Any CPU
		{FB129D88-B98A-6ABA-9AAE-EDB8F1DE1372}.Debug|Any CPU.ActiveCfg = Debug|Any CPU
		{FB129D88-B98A-6ABA-9AAE-EDB8F1DE1372}.Debug|Any CPU.Build.0 = Debug|Any CPU
		{FB129D88-B98A-6ABA-9AAE-EDB8F1DE1372}.Release|Any CPU.ActiveCfg = Release|Any CPU
		{FB129D88-B98A-6ABA-9AAE-EDB8F1DE1372}.Release|Any CPU.Build.0 = Release|Any CPU
		{0B36214E-7830-2F4F-1978-F14F90AE9468}.Debug|Any CPU.ActiveCfg = Debug|Any CPU
		{0B36214E-7830-2F4F-1978-F14F90AE9468}.Debug|Any CPU.Build.0 = Debug|Any CPU
		{0B36214E-7830-2F4F-1978-F14F90AE9468}.Release|Any CPU.ActiveCfg = Release|Any CPU
		{0B36214E-7830-2F4F-1978-F14F90AE9468}.Release|Any CPU.Build.0 = Release|Any CPU
		{E6C45C0D-2650-E56A-996F-61B7057E284D}.Debug|Any CPU.ActiveCfg = Debug|Any CPU
		{E6C45C0D-2650-E56A-996F-61B7057E284D}.Debug|Any CPU.Build.0 = Debug|Any CPU
		{E6C45C0D-2650-E56A-996F-61B7057E284D}.Release|Any CPU.ActiveCfg = Release|Any CPU
		{E6C45C0D-2650-E56A-996F-61B7057E284D}.Release|Any CPU.Build.0 = Release|Any CPU
		{AF2E6AC4-CF9D-80B3-3DD5-DB7FC0604713}.Debug|Any CPU.ActiveCfg = Debug|Any CPU
		{AF2E6AC4-CF9D-80B3-3DD5-DB7FC0604713}.Debug|Any CPU.Build.0 = Debug|Any CPU
		{AF2E6AC4-CF9D-80B3-3DD5-DB7FC0604713}.Release|Any CPU.ActiveCfg = Release|Any CPU
		{AF2E6AC4-CF9D-80B3-3DD5-DB7FC0604713}.Release|Any CPU.Build.0 = Release|Any CPU
		{921645FD-8E7E-C229-0CB2-F008034A6174}.Debug|Any CPU.ActiveCfg = Debug|Any CPU
		{921645FD-8E7E-C229-0CB2-F008034A6174}.Debug|Any CPU.Build.0 = Debug|Any CPU
		{921645FD-8E7E-C229-0CB2-F008034A6174}.Release|Any CPU.ActiveCfg = Release|Any CPU
		{921645FD-8E7E-C229-0CB2-F008034A6174}.Release|Any CPU.Build.0 = Release|Any CPU
		{423BC0D8-222E-4137-A8CC-E614E3EED058}.Debug|Any CPU.ActiveCfg = Debug|Any CPU
		{423BC0D8-222E-4137-A8CC-E614E3EED058}.Debug|Any CPU.Build.0 = Debug|Any CPU
		{423BC0D8-222E-4137-A8CC-E614E3EED058}.Release|Any CPU.ActiveCfg = Release|Any CPU
		{423BC0D8-222E-4137-A8CC-E614E3EED058}.Release|Any CPU.Build.0 = Release|Any CPU
		{59AE3BCF-A6BE-84FE-D4BF-C699884ADAB4}.Debug|Any CPU.ActiveCfg = Debug|Any CPU
		{59AE3BCF-A6BE-84FE-D4BF-C699884ADAB4}.Debug|Any CPU.Build.0 = Debug|Any CPU
		{59AE3BCF-A6BE-84FE-D4BF-C699884ADAB4}.Release|Any CPU.ActiveCfg = Release|Any CPU
		{59AE3BCF-A6BE-84FE-D4BF-C699884ADAB4}.Release|Any CPU.Build.0 = Release|Any CPU
		{E6F5DAB5-0C6E-3431-D1FA-D6455C8192A0}.Debug|Any CPU.ActiveCfg = Debug|Any CPU
		{E6F5DAB5-0C6E-3431-D1FA-D6455C8192A0}.Debug|Any CPU.Build.0 = Debug|Any CPU
		{E6F5DAB5-0C6E-3431-D1FA-D6455C8192A0}.Release|Any CPU.ActiveCfg = Release|Any CPU
		{E6F5DAB5-0C6E-3431-D1FA-D6455C8192A0}.Release|Any CPU.Build.0 = Release|Any CPU
		{B180D1DC-41B9-AD39-FBD2-65160DF6EFDD}.Debug|Any CPU.ActiveCfg = Debug|Any CPU
		{B180D1DC-41B9-AD39-FBD2-65160DF6EFDD}.Debug|Any CPU.Build.0 = Debug|Any CPU
		{B180D1DC-41B9-AD39-FBD2-65160DF6EFDD}.Release|Any CPU.ActiveCfg = Release|Any CPU
		{B180D1DC-41B9-AD39-FBD2-65160DF6EFDD}.Release|Any CPU.Build.0 = Release|Any CPU
	EndGlobalSection
	GlobalSection(SolutionProperties) = preSolution
		HideSolutionNode = FALSE
	EndGlobalSection
EndGlobal
